// !$*UTF8*$!
{
	archiveVersion = 1;
	classes = {
	};
	objectVersion = 46;
	objects = {

/* Begin PBXBuildFile section */
		51E9C4601F09E39200DF9CD5 /* Search.storyboard in Resources */ = {isa = PBXBuildFile; fileRef = 51E9C45F1F09E39200DF9CD5 /* Search.storyboard */; };
		8F1F32361EFF00D700DE910C /* CustomUIViewButtons.swift in Sources */ = {isa = PBXBuildFile; fileRef = 8F1F32351EFF00D700DE910C /* CustomUIViewButtons.swift */; };
		8F1F32421F0170C100DE910C /* BEMAnimationManager.m in Sources */ = {isa = PBXBuildFile; fileRef = 8F1F323B1F0170C100DE910C /* BEMAnimationManager.m */; };
		8F1F32431F0170C100DE910C /* BEMCheckBox.m in Sources */ = {isa = PBXBuildFile; fileRef = 8F1F323D1F0170C100DE910C /* BEMCheckBox.m */; };
		8F1F32441F0170C100DE910C /* BEMCheckBoxGroup.m in Sources */ = {isa = PBXBuildFile; fileRef = 8F1F323F1F0170C100DE910C /* BEMCheckBoxGroup.m */; };
		8F1F32451F0170C100DE910C /* BEMPathManager.m in Sources */ = {isa = PBXBuildFile; fileRef = 8F1F32411F0170C100DE910C /* BEMPathManager.m */; };
		8F1F324D1F0194A100DE910C /* HomeContentTableViewCell.swift in Sources */ = {isa = PBXBuildFile; fileRef = 8F1F324C1F0194A100DE910C /* HomeContentTableViewCell.swift */; };
		8F32DB031F0BBE730021D095 /* RegistrationDataManager.swift in Sources */ = {isa = PBXBuildFile; fileRef = 8F32DB021F0BBE730021D095 /* RegistrationDataManager.swift */; };
		8F32DB051F0BBEB40021D095 /* HomeViewController.swift in Sources */ = {isa = PBXBuildFile; fileRef = 8F32DB041F0BBEB40021D095 /* HomeViewController.swift */; };
		8F32DB071F0BBF3B0021D095 /* homepage.storyboard in Resources */ = {isa = PBXBuildFile; fileRef = 8F32DB061F0BBF3B0021D095 /* homepage.storyboard */; };
		8FDCAB021EFAFC14001D903F /* RegistrationViewController.swift in Sources */ = {isa = PBXBuildFile; fileRef = 8FDCAB011EFAFC14001D903F /* RegistrationViewController.swift */; };
		8FF513F41F01EB13000211DB /* Security.framework in Frameworks */ = {isa = PBXBuildFile; fileRef = 8FF513F31F01EB13000211DB /* Security.framework */; };
		C917BDF41EF1563E00CBF4F1 /* HTTP.swift in Sources */ = {isa = PBXBuildFile; fileRef = C917BDF31EF1563E00CBF4F1 /* HTTP.swift */; };
		C917BDF61EF1566D00CBF4F1 /* SwiftyJSON.swift in Sources */ = {isa = PBXBuildFile; fileRef = C917BDF51EF1566D00CBF4F1 /* SwiftyJSON.swift */; };
		C920D6691EB624E700D095FC /* AppDelegate.swift in Sources */ = {isa = PBXBuildFile; fileRef = C920D6681EB624E700D095FC /* AppDelegate.swift */; };
		C920D66B1EB624E700D095FC /* FirstViewController.swift in Sources */ = {isa = PBXBuildFile; fileRef = C920D66A1EB624E700D095FC /* FirstViewController.swift */; };
		C920D66D1EB624E700D095FC /* SecondViewController.swift in Sources */ = {isa = PBXBuildFile; fileRef = C920D66C1EB624E700D095FC /* SecondViewController.swift */; };
		C920D6701EB624E700D095FC /* Main.storyboard in Resources */ = {isa = PBXBuildFile; fileRef = C920D66E1EB624E700D095FC /* Main.storyboard */; };
		C920D6721EB624E700D095FC /* Assets.xcassets in Resources */ = {isa = PBXBuildFile; fileRef = C920D6711EB624E700D095FC /* Assets.xcassets */; };
		C920D6751EB624E700D095FC /* LaunchScreen.storyboard in Resources */ = {isa = PBXBuildFile; fileRef = C920D6731EB624E700D095FC /* LaunchScreen.storyboard */; };
		C920D6801EB624E700D095FC /* ntucTestTests.swift in Sources */ = {isa = PBXBuildFile; fileRef = C920D67F1EB624E700D095FC /* ntucTestTests.swift */; };
		C920D68B1EB624E700D095FC /* ntucTestUITests.swift in Sources */ = {isa = PBXBuildFile; fileRef = C920D68A1EB624E700D095FC /* ntucTestUITests.swift */; };
		C920D69C1EB6259900D095FC /* User.swift in Sources */ = {isa = PBXBuildFile; fileRef = C920D69B1EB6259900D095FC /* User.swift */; };
		C920D69E1EB6265400D095FC /* LoginViewController.swift in Sources */ = {isa = PBXBuildFile; fileRef = C920D69D1EB6265400D095FC /* LoginViewController.swift */; };
		C9690BC01EB994BB0054BAB7 /* CustomTabBarController.swift in Sources */ = {isa = PBXBuildFile; fileRef = C9690BBF1EB994BB0054BAB7 /* CustomTabBarController.swift */; };
		C9CF89111EB9F14000B5AE95 /* Constants.swift in Sources */ = {isa = PBXBuildFile; fileRef = C9CF89101EB9F14000B5AE95 /* Constants.swift */; };
		C9F1F3831EC1FD8C00E8C71C /* CustomNavigationViewController.swift in Sources */ = {isa = PBXBuildFile; fileRef = C9F1F3821EC1FD8C00E8C71C /* CustomNavigationViewController.swift */; };
/* End PBXBuildFile section */

/* Begin PBXContainerItemProxy section */
		C920D67C1EB624E700D095FC /* PBXContainerItemProxy */ = {
			isa = PBXContainerItemProxy;
			containerPortal = C920D65D1EB624E700D095FC /* Project object */;
			proxyType = 1;
			remoteGlobalIDString = C920D6641EB624E700D095FC;
			remoteInfo = ntucTest;
		};
		C920D6871EB624E700D095FC /* PBXContainerItemProxy */ = {
			isa = PBXContainerItemProxy;
			containerPortal = C920D65D1EB624E700D095FC /* Project object */;
			proxyType = 1;
			remoteGlobalIDString = C920D6641EB624E700D095FC;
			remoteInfo = ntucTest;
		};
/* End PBXContainerItemProxy section */

/* Begin PBXFileReference section */
		51E9C45F1F09E39200DF9CD5 /* Search.storyboard */ = {isa = PBXFileReference; fileEncoding = 4; lastKnownFileType = file.storyboard; path = Search.storyboard; sourceTree = "<group>"; };
		8F1F32351EFF00D700DE910C /* CustomUIViewButtons.swift */ = {isa = PBXFileReference; fileEncoding = 4; lastKnownFileType = sourcecode.swift; path = CustomUIViewButtons.swift; sourceTree = "<group>"; };
		8F1F323A1F0170C100DE910C /* BEMAnimationManager.h */ = {isa = PBXFileReference; fileEncoding = 4; lastKnownFileType = sourcecode.c.h; path = BEMAnimationManager.h; sourceTree = "<group>"; };
		8F1F323B1F0170C100DE910C /* BEMAnimationManager.m */ = {isa = PBXFileReference; fileEncoding = 4; lastKnownFileType = sourcecode.c.objc; path = BEMAnimationManager.m; sourceTree = "<group>"; };
		8F1F323C1F0170C100DE910C /* BEMCheckBox.h */ = {isa = PBXFileReference; fileEncoding = 4; lastKnownFileType = sourcecode.c.h; path = BEMCheckBox.h; sourceTree = "<group>"; };
		8F1F323D1F0170C100DE910C /* BEMCheckBox.m */ = {isa = PBXFileReference; fileEncoding = 4; lastKnownFileType = sourcecode.c.objc; path = BEMCheckBox.m; sourceTree = "<group>"; };
		8F1F323E1F0170C100DE910C /* BEMCheckBoxGroup.h */ = {isa = PBXFileReference; fileEncoding = 4; lastKnownFileType = sourcecode.c.h; path = BEMCheckBoxGroup.h; sourceTree = "<group>"; };
		8F1F323F1F0170C100DE910C /* BEMCheckBoxGroup.m */ = {isa = PBXFileReference; fileEncoding = 4; lastKnownFileType = sourcecode.c.objc; path = BEMCheckBoxGroup.m; sourceTree = "<group>"; };
		8F1F32401F0170C100DE910C /* BEMPathManager.h */ = {isa = PBXFileReference; fileEncoding = 4; lastKnownFileType = sourcecode.c.h; path = BEMPathManager.h; sourceTree = "<group>"; };
		8F1F32411F0170C100DE910C /* BEMPathManager.m */ = {isa = PBXFileReference; fileEncoding = 4; lastKnownFileType = sourcecode.c.objc; path = BEMPathManager.m; sourceTree = "<group>"; };
		8F1F32461F01710400DE910C /* CheckboxHeader.h */ = {isa = PBXFileReference; fileEncoding = 4; lastKnownFileType = sourcecode.c.h; path = CheckboxHeader.h; sourceTree = "<group>"; };
		8F1F324C1F0194A100DE910C /* HomeContentTableViewCell.swift */ = {isa = PBXFileReference; fileEncoding = 4; lastKnownFileType = sourcecode.swift; path = HomeContentTableViewCell.swift; sourceTree = "<group>"; };
		8F32DB021F0BBE730021D095 /* RegistrationDataManager.swift */ = {isa = PBXFileReference; fileEncoding = 4; lastKnownFileType = sourcecode.swift; path = RegistrationDataManager.swift; sourceTree = "<group>"; };
		8F32DB041F0BBEB40021D095 /* HomeViewController.swift */ = {isa = PBXFileReference; fileEncoding = 4; lastKnownFileType = sourcecode.swift; path = HomeViewController.swift; sourceTree = "<group>"; };
		8F32DB061F0BBF3B0021D095 /* homepage.storyboard */ = {isa = PBXFileReference; fileEncoding = 4; lastKnownFileType = file.storyboard; path = homepage.storyboard; sourceTree = "<group>"; };
		8FDCAB011EFAFC14001D903F /* RegistrationViewController.swift */ = {isa = PBXFileReference; fileEncoding = 4; lastKnownFileType = sourcecode.swift; path = RegistrationViewController.swift; sourceTree = "<group>"; };
		8FF513F31F01EB13000211DB /* Security.framework */ = {isa = PBXFileReference; lastKnownFileType = wrapper.framework; name = Security.framework; path = System/Library/Frameworks/Security.framework; sourceTree = SDKROOT; };
		C917BDF31EF1563E00CBF4F1 /* HTTP.swift */ = {isa = PBXFileReference; fileEncoding = 4; lastKnownFileType = sourcecode.swift; path = HTTP.swift; sourceTree = "<group>"; };
		C917BDF51EF1566D00CBF4F1 /* SwiftyJSON.swift */ = {isa = PBXFileReference; fileEncoding = 4; lastKnownFileType = sourcecode.swift; path = SwiftyJSON.swift; sourceTree = "<group>"; };
		C920D6651EB624E700D095FC /* ShareATextbook.app */ = {isa = PBXFileReference; explicitFileType = wrapper.application; includeInIndex = 0; path = ShareATextbook.app; sourceTree = BUILT_PRODUCTS_DIR; };
		C920D6681EB624E700D095FC /* AppDelegate.swift */ = {isa = PBXFileReference; lastKnownFileType = sourcecode.swift; path = AppDelegate.swift; sourceTree = "<group>"; };
		C920D66A1EB624E700D095FC /* FirstViewController.swift */ = {isa = PBXFileReference; lastKnownFileType = sourcecode.swift; path = FirstViewController.swift; sourceTree = "<group>"; };
		C920D66C1EB624E700D095FC /* SecondViewController.swift */ = {isa = PBXFileReference; lastKnownFileType = sourcecode.swift; path = SecondViewController.swift; sourceTree = "<group>"; };
		C920D66F1EB624E700D095FC /* Base */ = {isa = PBXFileReference; lastKnownFileType = file.storyboard; name = Base; path = Base.lproj/Main.storyboard; sourceTree = "<group>"; };
		C920D6711EB624E700D095FC /* Assets.xcassets */ = {isa = PBXFileReference; lastKnownFileType = folder.assetcatalog; path = Assets.xcassets; sourceTree = "<group>"; };
		C920D6741EB624E700D095FC /* Base */ = {isa = PBXFileReference; lastKnownFileType = file.storyboard; name = Base; path = Base.lproj/LaunchScreen.storyboard; sourceTree = "<group>"; };
		C920D6761EB624E700D095FC /* Info.plist */ = {isa = PBXFileReference; lastKnownFileType = text.plist.xml; path = Info.plist; sourceTree = "<group>"; };
		C920D67B1EB624E700D095FC /* ShareATextbookTests.xctest */ = {isa = PBXFileReference; explicitFileType = wrapper.cfbundle; includeInIndex = 0; path = ShareATextbookTests.xctest; sourceTree = BUILT_PRODUCTS_DIR; };
		C920D67F1EB624E700D095FC /* ntucTestTests.swift */ = {isa = PBXFileReference; lastKnownFileType = sourcecode.swift; path = ntucTestTests.swift; sourceTree = "<group>"; };
		C920D6811EB624E700D095FC /* Info.plist */ = {isa = PBXFileReference; lastKnownFileType = text.plist.xml; path = Info.plist; sourceTree = "<group>"; };
		C920D6861EB624E700D095FC /* ShareATextbookUITests.xctest */ = {isa = PBXFileReference; explicitFileType = wrapper.cfbundle; includeInIndex = 0; path = ShareATextbookUITests.xctest; sourceTree = BUILT_PRODUCTS_DIR; };
		C920D68A1EB624E700D095FC /* ntucTestUITests.swift */ = {isa = PBXFileReference; lastKnownFileType = sourcecode.swift; path = ntucTestUITests.swift; sourceTree = "<group>"; };
		C920D68C1EB624E700D095FC /* Info.plist */ = {isa = PBXFileReference; lastKnownFileType = text.plist.xml; path = Info.plist; sourceTree = "<group>"; };
		C920D69B1EB6259900D095FC /* User.swift */ = {isa = PBXFileReference; fileEncoding = 4; lastKnownFileType = sourcecode.swift; path = User.swift; sourceTree = "<group>"; };
		C920D69D1EB6265400D095FC /* LoginViewController.swift */ = {isa = PBXFileReference; fileEncoding = 4; lastKnownFileType = sourcecode.swift; path = LoginViewController.swift; sourceTree = "<group>"; };
		C9690BBF1EB994BB0054BAB7 /* CustomTabBarController.swift */ = {isa = PBXFileReference; fileEncoding = 4; lastKnownFileType = sourcecode.swift; path = CustomTabBarController.swift; sourceTree = "<group>"; };
		C9CF89101EB9F14000B5AE95 /* Constants.swift */ = {isa = PBXFileReference; fileEncoding = 4; lastKnownFileType = sourcecode.swift; path = Constants.swift; sourceTree = "<group>"; };
		C9F1F3821EC1FD8C00E8C71C /* CustomNavigationViewController.swift */ = {isa = PBXFileReference; fileEncoding = 4; lastKnownFileType = sourcecode.swift; path = CustomNavigationViewController.swift; sourceTree = "<group>"; };
/* End PBXFileReference section */

/* Begin PBXFrameworksBuildPhase section */
		C920D6621EB624E700D095FC /* Frameworks */ = {
			isa = PBXFrameworksBuildPhase;
			buildActionMask = 2147483647;
			files = (
				8FF513F41F01EB13000211DB /* Security.framework in Frameworks */,
			);
			runOnlyForDeploymentPostprocessing = 0;
		};
		C920D6781EB624E700D095FC /* Frameworks */ = {
			isa = PBXFrameworksBuildPhase;
			buildActionMask = 2147483647;
			files = (
			);
			runOnlyForDeploymentPostprocessing = 0;
		};
		C920D6831EB624E700D095FC /* Frameworks */ = {
			isa = PBXFrameworksBuildPhase;
			buildActionMask = 2147483647;
			files = (
			);
			runOnlyForDeploymentPostprocessing = 0;
		};
/* End PBXFrameworksBuildPhase section */

/* Begin PBXGroup section */
		51FD58861EDD401F00D07539 /* Helpers */ = {
			isa = PBXGroup;
			children = (
				C917BDF31EF1563E00CBF4F1 /* HTTP.swift */,
				C917BDF51EF1566D00CBF4F1 /* SwiftyJSON.swift */,
			);
			name = Helpers;
			sourceTree = "<group>";
		};
		8F1F32391F0170C100DE910C /* Classes */ = {
			isa = PBXGroup;
			children = (
				8F1F323A1F0170C100DE910C /* BEMAnimationManager.h */,
				8F1F323B1F0170C100DE910C /* BEMAnimationManager.m */,
				8F1F323C1F0170C100DE910C /* BEMCheckBox.h */,
				8F1F323D1F0170C100DE910C /* BEMCheckBox.m */,
				8F1F323E1F0170C100DE910C /* BEMCheckBoxGroup.h */,
				8F1F323F1F0170C100DE910C /* BEMCheckBoxGroup.m */,
				8F1F32401F0170C100DE910C /* BEMPathManager.h */,
				8F1F32411F0170C100DE910C /* BEMPathManager.m */,
			);
			path = Classes;
			sourceTree = "<group>";
		};
		8F1F32471F01711D00DE910C /* Header Files */ = {
			isa = PBXGroup;
			children = (
				8F1F32461F01710400DE910C /* CheckboxHeader.h */,
			);
			name = "Header Files";
			path = ..;
			sourceTree = "<group>";
		};
		8FF513F21F01EB13000211DB /* Frameworks */ = {
			isa = PBXGroup;
			children = (
				8FF513F31F01EB13000211DB /* Security.framework */,
			);
			name = Frameworks;
			sourceTree = "<group>";
		};
		C920D65C1EB624E700D095FC = {
			isa = PBXGroup;
			children = (
				C920D6671EB624E700D095FC /* ShareATextbook */,
				C920D67E1EB624E700D095FC /* ShareATextbookTests */,
				C920D6891EB624E700D095FC /* ShareATextbooUITests */,
				C920D6661EB624E700D095FC /* Products */,
				8FF513F21F01EB13000211DB /* Frameworks */,
			);
			sourceTree = "<group>";
		};
		C920D6661EB624E700D095FC /* Products */ = {
			isa = PBXGroup;
			children = (
				C920D6651EB624E700D095FC /* ShareATextbook.app */,
				C920D67B1EB624E700D095FC /* ShareATextbookTests.xctest */,
				C920D6861EB624E700D095FC /* ShareATextbookUITests.xctest */,
			);
			name = Products;
			sourceTree = "<group>";
		};
		C920D6671EB624E700D095FC /* ShareATextbook */ = {
			isa = PBXGroup;
			children = (
				8F1F32471F01711D00DE910C /* Header Files */,
				8F1F32391F0170C100DE910C /* Classes */,
				51FD58861EDD401F00D07539 /* Helpers */,
				C921B9221ED8772C00599E7B /* DataManagers */,
				C920D69A1EB6254400D095FC /* ViewControllers */,
				C920D6991EB6253F00D095FC /* Storyboards */,
				C920D6981EB6253600D095FC /* Model */,
				C920D6681EB624E700D095FC /* AppDelegate.swift */,
				C920D6711EB624E700D095FC /* Assets.xcassets */,
				C920D6731EB624E700D095FC /* LaunchScreen.storyboard */,
				C920D6761EB624E700D095FC /* Info.plist */,
				C9CF89101EB9F14000B5AE95 /* Constants.swift */,
			);
			path = ShareATextbook;
			sourceTree = "<group>";
		};
		C920D67E1EB624E700D095FC /* ShareATextbookTests */ = {
			isa = PBXGroup;
			children = (
				C920D67F1EB624E700D095FC /* ntucTestTests.swift */,
				C920D6811EB624E700D095FC /* Info.plist */,
			);
			path = ShareATextbookTests;
			sourceTree = "<group>";
		};
		C920D6891EB624E700D095FC /* ShareATextbooUITests */ = {
			isa = PBXGroup;
			children = (
				C920D68A1EB624E700D095FC /* ntucTestUITests.swift */,
				C920D68C1EB624E700D095FC /* Info.plist */,
			);
			name = ShareATextbooUITests;
			path = ShareATextbookUITests;
			sourceTree = "<group>";
		};
		C920D6981EB6253600D095FC /* Model */ = {
			isa = PBXGroup;
			children = (
				C920D69B1EB6259900D095FC /* User.swift */,
			);
			name = Model;
			sourceTree = "<group>";
		};
		C920D6991EB6253F00D095FC /* Storyboards */ = {
			isa = PBXGroup;
			children = (
				C920D66E1EB624E700D095FC /* Main.storyboard */,
				51E9C45F1F09E39200DF9CD5 /* Search.storyboard */,
				8F32DB061F0BBF3B0021D095 /* homepage.storyboard */,
			);
			name = Storyboards;
			sourceTree = "<group>";
		};
		C920D69A1EB6254400D095FC /* ViewControllers */ = {
			isa = PBXGroup;
			children = (
				C921B9231ED878E600599E7B /* CustomViewControllers */,
				C920D66A1EB624E700D095FC /* FirstViewController.swift */,
				C920D66C1EB624E700D095FC /* SecondViewController.swift */,
				C920D69D1EB6265400D095FC /* LoginViewController.swift */,
				8FDCAB011EFAFC14001D903F /* RegistrationViewController.swift */,
				8F1F324C1F0194A100DE910C /* HomeContentTableViewCell.swift */,
				8F32DB041F0BBEB40021D095 /* HomeViewController.swift */,
			);
			name = ViewControllers;
			sourceTree = "<group>";
		};
		C921B9221ED8772C00599E7B /* DataManagers */ = {
			isa = PBXGroup;
			children = (
				8F32DB021F0BBE730021D095 /* RegistrationDataManager.swift */,
			);
			name = DataManagers;
			sourceTree = "<group>";
		};
		C921B9231ED878E600599E7B /* CustomViewControllers */ = {
			isa = PBXGroup;
			children = (
				C9690BBF1EB994BB0054BAB7 /* CustomTabBarController.swift */,
				C9F1F3821EC1FD8C00E8C71C /* CustomNavigationViewController.swift */,
				8F1F32351EFF00D700DE910C /* CustomUIViewButtons.swift */,
			);
			name = CustomViewControllers;
			sourceTree = "<group>";
		};
/* End PBXGroup section */

/* Begin PBXNativeTarget section */
		C920D6641EB624E700D095FC /* ShareATextbook */ = {
			isa = PBXNativeTarget;
			buildConfigurationList = C920D68F1EB624E700D095FC /* Build configuration list for PBXNativeTarget "ShareATextbook" */;
			buildPhases = (
				C920D6611EB624E700D095FC /* Sources */,
				C920D6621EB624E700D095FC /* Frameworks */,
				C920D6631EB624E700D095FC /* Resources */,
			);
			buildRules = (
			);
			dependencies = (
			);
			name = ShareATextbook;
			productName = ntucTest;
			productReference = C920D6651EB624E700D095FC /* ShareATextbook.app */;
			productType = "com.apple.product-type.application";
		};
		C920D67A1EB624E700D095FC /* ShareATextbookTests */ = {
			isa = PBXNativeTarget;
			buildConfigurationList = C920D6921EB624E700D095FC /* Build configuration list for PBXNativeTarget "ShareATextbookTests" */;
			buildPhases = (
				C920D6771EB624E700D095FC /* Sources */,
				C920D6781EB624E700D095FC /* Frameworks */,
				C920D6791EB624E700D095FC /* Resources */,
			);
			buildRules = (
			);
			dependencies = (
				C920D67D1EB624E700D095FC /* PBXTargetDependency */,
			);
			name = ShareATextbookTests;
			productName = ntucTestTests;
			productReference = C920D67B1EB624E700D095FC /* ShareATextbookTests.xctest */;
			productType = "com.apple.product-type.bundle.unit-test";
		};
		C920D6851EB624E700D095FC /* ShareATextbookUITests */ = {
			isa = PBXNativeTarget;
			buildConfigurationList = C920D6951EB624E700D095FC /* Build configuration list for PBXNativeTarget "ShareATextbookUITests" */;
			buildPhases = (
				C920D6821EB624E700D095FC /* Sources */,
				C920D6831EB624E700D095FC /* Frameworks */,
				C920D6841EB624E700D095FC /* Resources */,
			);
			buildRules = (
			);
			dependencies = (
				C920D6881EB624E700D095FC /* PBXTargetDependency */,
			);
			name = ShareATextbookUITests;
			productName = ntucTestUITests;
			productReference = C920D6861EB624E700D095FC /* ShareATextbookUITests.xctest */;
			productType = "com.apple.product-type.bundle.ui-testing";
		};
/* End PBXNativeTarget section */

/* Begin PBXProject section */
		C920D65D1EB624E700D095FC /* Project object */ = {
			isa = PBXProject;
			attributes = {
				LastSwiftUpdateCheck = 0830;
				LastUpgradeCheck = 0830;
				ORGANIZATIONNAME = "Chia Li Yun";
				TargetAttributes = {
					C920D6641EB624E700D095FC = {
						CreatedOnToolsVersion = 8.3.2;
						DevelopmentTeam = 89782M2XS3;
						ProvisioningStyle = Automatic;
					};
					C920D67A1EB624E700D095FC = {
						CreatedOnToolsVersion = 8.3.2;
						ProvisioningStyle = Automatic;
						TestTargetID = C920D6641EB624E700D095FC;
					};
					C920D6851EB624E700D095FC = {
						CreatedOnToolsVersion = 8.3.2;
						ProvisioningStyle = Automatic;
						TestTargetID = C920D6641EB624E700D095FC;
					};
				};
			};
			buildConfigurationList = C920D6601EB624E700D095FC /* Build configuration list for PBXProject "ShareATextbook" */;
			compatibilityVersion = "Xcode 3.2";
			developmentRegion = English;
			hasScannedForEncodings = 0;
			knownRegions = (
				en,
				Base,
			);
			mainGroup = C920D65C1EB624E700D095FC;
			productRefGroup = C920D6661EB624E700D095FC /* Products */;
			projectDirPath = "";
			projectRoot = "";
			targets = (
				C920D6641EB624E700D095FC /* ShareATextbook */,
				C920D67A1EB624E700D095FC /* ShareATextbookTests */,
				C920D6851EB624E700D095FC /* ShareATextbookUITests */,
			);
		};
/* End PBXProject section */

/* Begin PBXResourcesBuildPhase section */
		C920D6631EB624E700D095FC /* Resources */ = {
			isa = PBXResourcesBuildPhase;
			buildActionMask = 2147483647;
			files = (
				C920D6751EB624E700D095FC /* LaunchScreen.storyboard in Resources */,
				51E9C4601F09E39200DF9CD5 /* Search.storyboard in Resources */,
				8F32DB071F0BBF3B0021D095 /* homepage.storyboard in Resources */,
				C920D6721EB624E700D095FC /* Assets.xcassets in Resources */,
				C920D6701EB624E700D095FC /* Main.storyboard in Resources */,
			);
			runOnlyForDeploymentPostprocessing = 0;
		};
		C920D6791EB624E700D095FC /* Resources */ = {
			isa = PBXResourcesBuildPhase;
			buildActionMask = 2147483647;
			files = (
			);
			runOnlyForDeploymentPostprocessing = 0;
		};
		C920D6841EB624E700D095FC /* Resources */ = {
			isa = PBXResourcesBuildPhase;
			buildActionMask = 2147483647;
			files = (
			);
			runOnlyForDeploymentPostprocessing = 0;
		};
/* End PBXResourcesBuildPhase section */

/* Begin PBXSourcesBuildPhase section */
		C920D6611EB624E700D095FC /* Sources */ = {
			isa = PBXSourcesBuildPhase;
			buildActionMask = 2147483647;
			files = (
				C917BDF41EF1563E00CBF4F1 /* HTTP.swift in Sources */,
				8F1F32431F0170C100DE910C /* BEMCheckBox.m in Sources */,
				C920D69C1EB6259900D095FC /* User.swift in Sources */,
				8F1F32441F0170C100DE910C /* BEMCheckBoxGroup.m in Sources */,
				C9F1F3831EC1FD8C00E8C71C /* CustomNavigationViewController.swift in Sources */,
				8FDCAB021EFAFC14001D903F /* RegistrationViewController.swift in Sources */,
				C917BDF61EF1566D00CBF4F1 /* SwiftyJSON.swift in Sources */,
				8F1F32451F0170C100DE910C /* BEMPathManager.m in Sources */,
				C920D66D1EB624E700D095FC /* SecondViewController.swift in Sources */,
				C9690BC01EB994BB0054BAB7 /* CustomTabBarController.swift in Sources */,
				8F1F32361EFF00D700DE910C /* CustomUIViewButtons.swift in Sources */,
				C920D6691EB624E700D095FC /* AppDelegate.swift in Sources */,
				8F1F324D1F0194A100DE910C /* HomeContentTableViewCell.swift in Sources */,
				8F32DB031F0BBE730021D095 /* RegistrationDataManager.swift in Sources */,
				8F32DB051F0BBEB40021D095 /* HomeViewController.swift in Sources */,
				C9CF89111EB9F14000B5AE95 /* Constants.swift in Sources */,
				C920D69E1EB6265400D095FC /* LoginViewController.swift in Sources */,
				8F1F32421F0170C100DE910C /* BEMAnimationManager.m in Sources */,
				C920D66B1EB624E700D095FC /* FirstViewController.swift in Sources */,
			);
			runOnlyForDeploymentPostprocessing = 0;
		};
		C920D6771EB624E700D095FC /* Sources */ = {
			isa = PBXSourcesBuildPhase;
			buildActionMask = 2147483647;
			files = (
				C920D6801EB624E700D095FC /* ntucTestTests.swift in Sources */,
			);
			runOnlyForDeploymentPostprocessing = 0;
		};
		C920D6821EB624E700D095FC /* Sources */ = {
			isa = PBXSourcesBuildPhase;
			buildActionMask = 2147483647;
			files = (
				C920D68B1EB624E700D095FC /* ntucTestUITests.swift in Sources */,
			);
			runOnlyForDeploymentPostprocessing = 0;
		};
/* End PBXSourcesBuildPhase section */

/* Begin PBXTargetDependency section */
		C920D67D1EB624E700D095FC /* PBXTargetDependency */ = {
			isa = PBXTargetDependency;
			target = C920D6641EB624E700D095FC /* ShareATextbook */;
			targetProxy = C920D67C1EB624E700D095FC /* PBXContainerItemProxy */;
		};
		C920D6881EB624E700D095FC /* PBXTargetDependency */ = {
			isa = PBXTargetDependency;
			target = C920D6641EB624E700D095FC /* ShareATextbook */;
			targetProxy = C920D6871EB624E700D095FC /* PBXContainerItemProxy */;
		};
/* End PBXTargetDependency section */

/* Begin PBXVariantGroup section */
		C920D66E1EB624E700D095FC /* Main.storyboard */ = {
			isa = PBXVariantGroup;
			children = (
				C920D66F1EB624E700D095FC /* Base */,
			);
			name = Main.storyboard;
			sourceTree = "<group>";
		};
		C920D6731EB624E700D095FC /* LaunchScreen.storyboard */ = {
			isa = PBXVariantGroup;
			children = (
				C920D6741EB624E700D095FC /* Base */,
			);
			name = LaunchScreen.storyboard;
			sourceTree = "<group>";
		};
/* End PBXVariantGroup section */

/* Begin XCBuildConfiguration section */
		C920D68D1EB624E700D095FC /* Debug */ = {
			isa = XCBuildConfiguration;
			buildSettings = {
				ALWAYS_SEARCH_USER_PATHS = NO;
				CLANG_ANALYZER_NONNULL = YES;
				CLANG_ANALYZER_NUMBER_OBJECT_CONVERSION = YES_AGGRESSIVE;
				CLANG_CXX_LANGUAGE_STANDARD = "gnu++0x";
				CLANG_CXX_LIBRARY = "libc++";
				CLANG_ENABLE_MODULES = YES;
				CLANG_ENABLE_OBJC_ARC = YES;
				CLANG_WARN_BOOL_CONVERSION = YES;
				CLANG_WARN_CONSTANT_CONVERSION = YES;
				CLANG_WARN_DIRECT_OBJC_ISA_USAGE = YES_ERROR;
				CLANG_WARN_DOCUMENTATION_COMMENTS = YES;
				CLANG_WARN_EMPTY_BODY = YES;
				CLANG_WARN_ENUM_CONVERSION = YES;
				CLANG_WARN_INFINITE_RECURSION = YES;
				CLANG_WARN_INT_CONVERSION = YES;
				CLANG_WARN_OBJC_ROOT_CLASS = YES_ERROR;
				CLANG_WARN_SUSPICIOUS_MOVE = YES;
				CLANG_WARN_UNREACHABLE_CODE = YES;
				CLANG_WARN__DUPLICATE_METHOD_MATCH = YES;
				"CODE_SIGN_IDENTITY[sdk=iphoneos*]" = "iPhone Developer";
				COPY_PHASE_STRIP = NO;
				DEBUG_INFORMATION_FORMAT = dwarf;
				ENABLE_STRICT_OBJC_MSGSEND = YES;
				ENABLE_TESTABILITY = YES;
				GCC_C_LANGUAGE_STANDARD = gnu99;
				GCC_DYNAMIC_NO_PIC = NO;
				GCC_NO_COMMON_BLOCKS = YES;
				GCC_OPTIMIZATION_LEVEL = 0;
				GCC_PREPROCESSOR_DEFINITIONS = (
					"DEBUG=1",
					"$(inherited)",
				);
				GCC_WARN_64_TO_32_BIT_CONVERSION = YES;
				GCC_WARN_ABOUT_RETURN_TYPE = YES_ERROR;
				GCC_WARN_UNDECLARED_SELECTOR = YES;
				GCC_WARN_UNINITIALIZED_AUTOS = YES_AGGRESSIVE;
				GCC_WARN_UNUSED_FUNCTION = YES;
				GCC_WARN_UNUSED_VARIABLE = YES;
				IPHONEOS_DEPLOYMENT_TARGET = 10.3;
				MTL_ENABLE_DEBUG_INFO = YES;
				ONLY_ACTIVE_ARCH = YES;
				SDKROOT = iphoneos;
				SWIFT_ACTIVE_COMPILATION_CONDITIONS = DEBUG;
				SWIFT_OPTIMIZATION_LEVEL = "-Onone";
			};
			name = Debug;
		};
		C920D68E1EB624E700D095FC /* Release */ = {
			isa = XCBuildConfiguration;
			buildSettings = {
				ALWAYS_SEARCH_USER_PATHS = NO;
				CLANG_ANALYZER_NONNULL = YES;
				CLANG_ANALYZER_NUMBER_OBJECT_CONVERSION = YES_AGGRESSIVE;
				CLANG_CXX_LANGUAGE_STANDARD = "gnu++0x";
				CLANG_CXX_LIBRARY = "libc++";
				CLANG_ENABLE_MODULES = YES;
				CLANG_ENABLE_OBJC_ARC = YES;
				CLANG_WARN_BOOL_CONVERSION = YES;
				CLANG_WARN_CONSTANT_CONVERSION = YES;
				CLANG_WARN_DIRECT_OBJC_ISA_USAGE = YES_ERROR;
				CLANG_WARN_DOCUMENTATION_COMMENTS = YES;
				CLANG_WARN_EMPTY_BODY = YES;
				CLANG_WARN_ENUM_CONVERSION = YES;
				CLANG_WARN_INFINITE_RECURSION = YES;
				CLANG_WARN_INT_CONVERSION = YES;
				CLANG_WARN_OBJC_ROOT_CLASS = YES_ERROR;
				CLANG_WARN_SUSPICIOUS_MOVE = YES;
				CLANG_WARN_UNREACHABLE_CODE = YES;
				CLANG_WARN__DUPLICATE_METHOD_MATCH = YES;
				"CODE_SIGN_IDENTITY[sdk=iphoneos*]" = "iPhone Developer";
				COPY_PHASE_STRIP = NO;
				DEBUG_INFORMATION_FORMAT = "dwarf-with-dsym";
				ENABLE_NS_ASSERTIONS = NO;
				ENABLE_STRICT_OBJC_MSGSEND = YES;
				GCC_C_LANGUAGE_STANDARD = gnu99;
				GCC_NO_COMMON_BLOCKS = YES;
				GCC_WARN_64_TO_32_BIT_CONVERSION = YES;
				GCC_WARN_ABOUT_RETURN_TYPE = YES_ERROR;
				GCC_WARN_UNDECLARED_SELECTOR = YES;
				GCC_WARN_UNINITIALIZED_AUTOS = YES_AGGRESSIVE;
				GCC_WARN_UNUSED_FUNCTION = YES;
				GCC_WARN_UNUSED_VARIABLE = YES;
				IPHONEOS_DEPLOYMENT_TARGET = 10.3;
				MTL_ENABLE_DEBUG_INFO = NO;
				SDKROOT = iphoneos;
				SWIFT_OPTIMIZATION_LEVEL = "-Owholemodule";
				VALIDATE_PRODUCT = YES;
			};
			name = Release;
		};
		C920D6901EB624E700D095FC /* Debug */ = {
			isa = XCBuildConfiguration;
			buildSettings = {
				ASSETCATALOG_COMPILER_APPICON_NAME = AppIcon;
				DEVELOPMENT_TEAM = 89782M2XS3;
				INFOPLIST_FILE = "$(SRCROOT)/ShareATextbook/Info.plist";
				IPHONEOS_DEPLOYMENT_TARGET = 10.2;
				LD_RUNPATH_SEARCH_PATHS = "$(inherited) @executable_path/Frameworks";
				PRODUCT_BUNDLE_IDENTIFIER = com.chialy.ShareATextbook;
				PRODUCT_NAME = "$(TARGET_NAME)";
				SWIFT_OBJC_BRIDGING_HEADER = CheckboxHeader.h;
				SWIFT_VERSION = 3.0;
			};
			name = Debug;
		};
		C920D6911EB624E700D095FC /* Release */ = {
			isa = XCBuildConfiguration;
			buildSettings = {
				ASSETCATALOG_COMPILER_APPICON_NAME = AppIcon;
				DEVELOPMENT_TEAM = 89782M2XS3;
				INFOPLIST_FILE = "$(SRCROOT)/ShareATextbook/Info.plist";
				IPHONEOS_DEPLOYMENT_TARGET = 10.2;
				LD_RUNPATH_SEARCH_PATHS = "$(inherited) @executable_path/Frameworks";
				PRODUCT_BUNDLE_IDENTIFIER = com.chialy.ShareATextbook;
				PRODUCT_NAME = "$(TARGET_NAME)";
				SWIFT_OBJC_BRIDGING_HEADER = CheckboxHeader.h;
				SWIFT_VERSION = 3.0;
			};
			name = Release;
		};
		C920D6931EB624E700D095FC /* Debug */ = {
			isa = XCBuildConfiguration;
			buildSettings = {
				ALWAYS_EMBED_SWIFT_STANDARD_LIBRARIES = YES;
				BUNDLE_LOADER = "$(TEST_HOST)";
				INFOPLIST_FILE = ntucTestTests/Info.plist;
				LD_RUNPATH_SEARCH_PATHS = "$(inherited) @executable_path/Frameworks @loader_path/Frameworks";
				PRODUCT_BUNDLE_IDENTIFIER = com.chialy.ntucTestTests;
				PRODUCT_NAME = "$(TARGET_NAME)";
				SWIFT_VERSION = 3.0;
				TEST_HOST = "$(BUILT_PRODUCTS_DIR)/ShareATextbook.app/ShareATextbook";
			};
			name = Debug;
		};
		C920D6941EB624E700D095FC /* Release */ = {
			isa = XCBuildConfiguration;
			buildSettings = {
				ALWAYS_EMBED_SWIFT_STANDARD_LIBRARIES = YES;
				BUNDLE_LOADER = "$(TEST_HOST)";
				INFOPLIST_FILE = ntucTestTests/Info.plist;
				LD_RUNPATH_SEARCH_PATHS = "$(inherited) @executable_path/Frameworks @loader_path/Frameworks";
				PRODUCT_BUNDLE_IDENTIFIER = com.chialy.ntucTestTests;
				PRODUCT_NAME = "$(TARGET_NAME)";
				SWIFT_VERSION = 3.0;
				TEST_HOST = "$(BUILT_PRODUCTS_DIR)/ShareATextbook.app/ShareATextbook";
			};
			name = Release;
		};
		C920D6961EB624E700D095FC /* Debug */ = {
			isa = XCBuildConfiguration;
			buildSettings = {
				ALWAYS_EMBED_SWIFT_STANDARD_LIBRARIES = YES;
				INFOPLIST_FILE = ntucTestUITests/Info.plist;
				LD_RUNPATH_SEARCH_PATHS = "$(inherited) @executable_path/Frameworks @loader_path/Frameworks";
				PRODUCT_BUNDLE_IDENTIFIER = com.chialy.ntucTestUITests;
				PRODUCT_NAME = "$(TARGET_NAME)";
				SWIFT_VERSION = 3.0;
				TEST_TARGET_NAME = ntucTest;
			};
			name = Debug;
		};
		C920D6971EB624E700D095FC /* Release */ = {
			isa = XCBuildConfiguration;
			buildSettings = {
				ALWAYS_EMBED_SWIFT_STANDARD_LIBRARIES = YES;
				INFOPLIST_FILE = ntucTestUITests/Info.plist;
				LD_RUNPATH_SEARCH_PATHS = "$(inherited) @executable_path/Frameworks @loader_path/Frameworks";
				PRODUCT_BUNDLE_IDENTIFIER = com.chialy.ntucTestUITests;
				PRODUCT_NAME = "$(TARGET_NAME)";
				SWIFT_VERSION = 3.0;
				TEST_TARGET_NAME = ntucTest;
			};
			name = Release;
		};
/* End XCBuildConfiguration section */

/* Begin XCConfigurationList section */
		C920D6601EB624E700D095FC /* Build configuration list for PBXProject "ShareATextbook" */ = {
			isa = XCConfigurationList;
			buildConfigurations = (
				C920D68D1EB624E700D095FC /* Debug */,
				C920D68E1EB624E700D095FC /* Release */,
			);
			defaultConfigurationIsVisible = 0;
			defaultConfigurationName = Release;
		};
		C920D68F1EB624E700D095FC /* Build configuration list for PBXNativeTarget "ShareATextbook" */ = {
			isa = XCConfigurationList;
			buildConfigurations = (
				C920D6901EB624E700D095FC /* Debug */,
				C920D6911EB624E700D095FC /* Release */,
			);
			defaultConfigurationIsVisible = 0;
			defaultConfigurationName = Release;
		};
		C920D6921EB624E700D095FC /* Build configuration list for PBXNativeTarget "ShareATextbookTests" */ = {
			isa = XCConfigurationList;
			buildConfigurations = (
				C920D6931EB624E700D095FC /* Debug */,
				C920D6941EB624E700D095FC /* Release */,
			);
			defaultConfigurationIsVisible = 0;
			defaultConfigurationName = Release;
		};
		C920D6951EB624E700D095FC /* Build configuration list for PBXNativeTarget "ShareATextbookUITests" */ = {
			isa = XCConfigurationList;
			buildConfigurations = (
				C920D6961EB624E700D095FC /* Debug */,
				C920D6971EB624E700D095FC /* Release */,
			);
			defaultConfigurationIsVisible = 0;
			defaultConfigurationName = Release;
		};
/* End XCConfigurationList section */
	};
	rootObject = C920D65D1EB624E700D095FC /* Project object */;
}
